
Microsoft Visual Studio Solution File, Format Version 12.00
# Visual Studio Version 17
VisualStudioVersion = 17.0.31912.275
MinimumVisualStudioVersion = 10.0.40219.1
Project("{9A19103F-16F7-4668-BE54-9A1E7A4F7556}") = "CRUD_ORM", "CRUD_ORM\CRUD_ORM.csproj", "{8C8FE114-97CB-472E-9F52-2B08B4C7D9FD}"
EndProject
Project("{9A19103F-16F7-4668-BE54-9A1E7A4F7556}") = "xUnitBibliotecaTest", "xUnitBibliotecaTest\xUnitBibliotecaTest.csproj", "{A7D6B70C-82E1-4004-A127-85E0B85BCC6A}"
EndProject
Project("{FAE04EC0-301F-11D3-BF4B-00C04F79EFBC}") = "NunitTestBiblioteca", "NunitTestBiblioteca\NunitTestBiblioteca.csproj", "{C6F3B179-7FE8-44BC-8302-0FA9BE447641}"
EndProject
Global
	GlobalSection(SolutionConfigurationPlatforms) = preSolution
		Debug|Any CPU = Debug|Any CPU
		Release|Any CPU = Release|Any CPU
	EndGlobalSection
	GlobalSection(ProjectConfigurationPlatforms) = postSolution
		{8C8FE114-97CB-472E-9F52-2B08B4C7D9FD}.Debug|Any CPU.ActiveCfg = Debug|Any CPU
		{8C8FE114-97CB-472E-9F52-2B08B4C7D9FD}.Debug|Any CPU.Build.0 = Debug|Any CPU
		{8C8FE114-97CB-472E-9F52-2B08B4C7D9FD}.Release|Any CPU.ActiveCfg = Release|Any CPU
		{8C8FE114-97CB-472E-9F52-2B08B4C7D9FD}.Release|Any CPU.Build.0 = Release|Any CPU
		{A7D6B70C-82E1-4004-A127-85E0B85BCC6A}.Debug|Any CPU.ActiveCfg = Debug|Any CPU
		{A7D6B70C-82E1-4004-A127-85E0B85BCC6A}.Debug|Any CPU.Build.0 = Debug|Any CPU
		{A7D6B70C-82E1-4004-A127-85E0B85BCC6A}.Release|Any CPU.ActiveCfg = Release|Any CPU
		{A7D6B70C-82E1-4004-A127-85E0B85BCC6A}.Release|Any CPU.Build.0 = Release|Any CPU
		{C6F3B179-7FE8-44BC-8302-0FA9BE447641}.Debug|Any CPU.ActiveCfg = Debug|Any CPU
		{C6F3B179-7FE8-44BC-8302-0FA9BE447641}.Debug|Any CPU.Build.0 = Debug|Any CPU
		{C6F3B179-7FE8-44BC-8302-0FA9BE447641}.Release|Any CPU.ActiveCfg = Release|Any CPU
		{C6F3B179-7FE8-44BC-8302-0FA9BE447641}.Release|Any CPU.Build.0 = Release|Any CPU
	EndGlobalSection
	GlobalSection(SolutionProperties) = preSolution
		HideSolutionNode = FALSE
	EndGlobalSection
	GlobalSection(ExtensibilityGlobals) = postSolution
		SolutionGuid = {A48424DA-AE02-458D-B782-24E10564A46B}
	EndGlobalSection
EndGlobal
